
Microsoft Visual Studio Solution File, Format Version 12.00
# Visual Studio Version 17
VisualStudioVersion = 17.13.35828.75 d17.13
MinimumVisualStudioVersion = 10.0.40219.1
Project("{FAE04EC0-301F-11D3-BF4B-00C04F79EFBC}") = "UPRSPO18Git", "UPRSPO18Git\UPRSPO18Git.csproj", "{F2DADCB4-29DA-4004-AEE0-9309EEE5AC58}"
EndProject
Global
	GlobalSection(SolutionConfigurationPlatforms) = preSolution
		Debug|Any CPU = Debug|Any CPU
		Release|Any CPU = Release|Any CPU
	EndGlobalSection
	GlobalSection(ProjectConfigurationPlatforms) = postSolution
		{F2DADCB4-29DA-4004-AEE0-9309EEE5AC58}.Debug|Any CPU.ActiveCfg = Debug|Any CPU
		{F2DADCB4-29DA-4004-AEE0-9309EEE5AC58}.Debug|Any CPU.Build.0 = Debug|Any CPU
		{F2DADCB4-29DA-4004-AEE0-9309EEE5AC58}.Release|Any CPU.ActiveCfg = Release|Any CPU
		{F2DADCB4-29DA-4004-AEE0-9309EEE5AC58}.Release|Any CPU.Build.0 = Release|Any CPU
	EndGlobalSection
	GlobalSection(SolutionProperties) = preSolution
		HideSolutionNode = FALSE
	EndGlobalSection
	GlobalSection(ExtensibilityGlobals) = postSolution
		SolutionGuid = {4A3D13FD-ACB1-44E9-892E-7791159E10EC}
	EndGlobalSection
EndGlobal
